PODS:
  - AFNetworking (2.4.1):
    - AFNetworking/NSURLConnection (= 2.4.1)
    - AFNetworking/NSURLSession (= 2.4.1)
    - AFNetworking/Reachability (= 2.4.1)
    - AFNetworking/Security (= 2.4.1)
    - AFNetworking/Serialization (= 2.4.1)
    - AFNetworking/UIKit (= 2.4.1)
  - AFNetworking/NSURLConnection (2.4.1):
    - AFNetworking/Reachability
    - AFNetworking/Security
    - AFNetworking/Serialization
  - AFNetworking/NSURLSession (2.4.1):
    - AFNetworking/Reachability
    - AFNetworking/Security
    - AFNetworking/Serialization
  - AFNetworking/Reachability (2.4.1)
  - AFNetworking/Security (2.4.1)
  - AFNetworking/Serialization (2.4.1)
  - AFNetworking/UIKit (2.4.1):
    - AFNetworking/NSURLConnection
    - AFNetworking/NSURLSession
  - Harpy (2.6.0):
    - UIDevice-SupportedDevices
  - iRate (1.10.3)
  - UIDevice-SupportedDevices (1.0.1)

DEPENDENCIES:
  - AFNetworking (~> 2.0)
  - Harpy
  - iRate

SPEC CHECKSUMS:
  AFNetworking: 41d45d2c14219af0fa5addf3cfd433a002c13c9f
  Harpy: 8ea674cc8603bf78274921ffef78e7dba61e3ddc
  iRate: 724a3e080d5b0681e50a57d6cef1a81f83c23df3
  UIDevice-SupportedDevices: 6931e7df59723d01d03dbe1faa4c4b5be9409030

PODFILE CHECKSUM: e1a2fe17f80eba280eb6719d8e9d9293d5b1e328

COCOAPODS: 1.0.1
