PODS:
  - AFNetworking (2.4.1):
    - AFNetworking/NSURLConnection
    - AFNetworking/NSURLSession
    - AFNetworking/Reachability
    - AFNetworking/Security
    - AFNetworking/Serialization
    - AFNetworking/UIKit
  - AFNetworking/NSURLConnection (2.4.1):
    - AFNetworking/Reachability
    - AFNetworking/Security
    - AFNetworking/Serialization
  - AFNetworking/NSURLSession (2.4.1):
    - AFNetworking/Reachability
    - AFNetworking/Security
    - AFNetworking/Serialization
  - AFNetworking/Reachability (2.4.1)
  - AFNetworking/Security (2.4.1)
  - AFNetworking/Serialization (2.4.1)
  - AFNetworking/UIKit (2.4.1):
    - AFNetworking/NSURLConnection
    - AFNetworking/NSURLSession
  - Harpy (2.6.0):
    - UIDevice-SupportedDevices
  - iRate (1.10.3)
  - UIDevice-SupportedDevices (1.0.1)

DEPENDENCIES:
  - AFNetworking (~> 2.0)
  - Harpy
  - iRate

SPEC CHECKSUMS:
  AFNetworking: 0aabc6fae66d6e5d039eeb21c315843c7aae51ab
  Harpy: a466a4a18c5f6ae651aa291ea5aed3ea6443e09f
  iRate: 40ebea2bb1e88866cef7393bd0abeae232cc5d38
  UIDevice-SupportedDevices: 6b3dc841285444aeb41ab812bf20b7a205ba091a

COCOAPODS: 0.33.1
